
Microsoft Visual Studio Solution File, Format Version 12.00
# Visual Studio 15
VisualStudioVersion = 15.0.28010.2036
MinimumVisualStudioVersion = 10.0.40219.1
Project("{FAE04EC0-301F-11D3-BF4B-00C04F79EFBC}") = "DevBuild.Factorials", "DevBuild.Factorials\DevBuild.Factorials.csproj", "{AB40E440-6961-4F56-BE48-AACA7A576056}"
EndProject
Global
	GlobalSection(SolutionConfigurationPlatforms) = preSolution
		Debug|Any CPU = Debug|Any CPU
		Release|Any CPU = Release|Any CPU
	EndGlobalSection
	GlobalSection(ProjectConfigurationPlatforms) = postSolution
		{AB40E440-6961-4F56-BE48-AACA7A576056}.Debug|Any CPU.ActiveCfg = Debug|Any CPU
		{AB40E440-6961-4F56-BE48-AACA7A576056}.Debug|Any CPU.Build.0 = Debug|Any CPU
		{AB40E440-6961-4F56-BE48-AACA7A576056}.Release|Any CPU.ActiveCfg = Release|Any CPU
		{AB40E440-6961-4F56-BE48-AACA7A576056}.Release|Any CPU.Build.0 = Release|Any CPU
	EndGlobalSection
	GlobalSection(SolutionProperties) = preSolution
		HideSolutionNode = FALSE
	EndGlobalSection
	GlobalSection(ExtensibilityGlobals) = postSolution
		SolutionGuid = {83FC3B73-CA07-423F-B195-9633C67EBB7A}
	EndGlobalSection
EndGlobal
